PODS:
  - FontBlaster (3.0.0)
  - FSCalendar (2.7.0)
  - Realm (2.0.3):
    - Realm/Headers (= 2.0.3)
  - Realm/Headers (2.0.3)
  - RealmSwift (2.0.3):
    - Realm (= 2.0.3)
  - UICircularProgressRing (1.1.3)
  - wkb-ios (1.0.6)

DEPENDENCIES:
  - FontBlaster
  - FSCalendar
  - RealmSwift (= 2.0.3)
  - UICircularProgressRing
  - wkb-ios

SPEC CHECKSUMS:
  FontBlaster: 0f4a3e2f965968e2dfc3f7f5cec7214c3f3b2f07
  FSCalendar: 4957703ebd99b4fd0bfd46bf3e3c6465c0a25482
  Realm: 5f008bfe3c8c47142eddfc30b8c1584cde22db24
  RealmSwift: 5afb451f65b682242f272dbb52d5c6f6e343c980
  UICircularProgressRing: 2da995fa7434af0438398d16400b9b825dbf9ddb
  wkb-ios: 8d1526e825e3d088a5a191c8eefe213a9e41d25e

PODFILE CHECKSUM: a4b952816230414a922426b98cbd6e42d6475365

COCOAPODS: 1.2.0
